
Microsoft Visual Studio Solution File, Format Version 12.00
# Visual Studio Version 17
VisualStudioVersion = 17.14.36414.22 d17.14
MinimumVisualStudioVersion = 10.0.40219.1
Project("{FAE04EC0-301F-11D3-BF4B-00C04F79EFBC}") = "HelloWorld", "HelloWorld\HelloWorld.csproj", "{B517CB03-4340-47EB-B061-5E237C7F70EC}"
EndProject
Project("{FAE04EC0-301F-11D3-BF4B-00C04F79EFBC}") = "DataTypes", "DataTypes\DataTypes.csproj", "{DCBFB8DF-55F6-4659-939B-F15AF94847AE}"
EndProject
Project("{FAE04EC0-301F-11D3-BF4B-00C04F79EFBC}") = "WriteApp", "WriteApp\WriteApp.csproj", "{9250B768-CC32-4F7E-9C5A-E725E87FD331}"
EndProject
Project("{FAE04EC0-301F-11D3-BF4B-00C04F79EFBC}") = "ReadApp", "ReadApp\ReadApp.csproj", "{801C2CB8-1AAA-4140-A8E5-BCA0C900353D}"
EndProject
Project("{FAE04EC0-301F-11D3-BF4B-00C04F79EFBC}") = "SafeReadApp", "SafeReadApp\SafeReadApp.csproj", "{3C4D812E-30E6-4460-8F30-1041F7B71DBF}"
EndProject
Global
	GlobalSection(SolutionConfigurationPlatforms) = preSolution
		Debug|Any CPU = Debug|Any CPU
		Release|Any CPU = Release|Any CPU
	EndGlobalSection
	GlobalSection(ProjectConfigurationPlatforms) = postSolution
		{B517CB03-4340-47EB-B061-5E237C7F70EC}.Debug|Any CPU.ActiveCfg = Debug|Any CPU
		{B517CB03-4340-47EB-B061-5E237C7F70EC}.Debug|Any CPU.Build.0 = Debug|Any CPU
		{B517CB03-4340-47EB-B061-5E237C7F70EC}.Release|Any CPU.ActiveCfg = Release|Any CPU
		{B517CB03-4340-47EB-B061-5E237C7F70EC}.Release|Any CPU.Build.0 = Release|Any CPU
		{DCBFB8DF-55F6-4659-939B-F15AF94847AE}.Debug|Any CPU.ActiveCfg = Debug|Any CPU
		{DCBFB8DF-55F6-4659-939B-F15AF94847AE}.Debug|Any CPU.Build.0 = Debug|Any CPU
		{DCBFB8DF-55F6-4659-939B-F15AF94847AE}.Release|Any CPU.ActiveCfg = Release|Any CPU
		{DCBFB8DF-55F6-4659-939B-F15AF94847AE}.Release|Any CPU.Build.0 = Release|Any CPU
		{9250B768-CC32-4F7E-9C5A-E725E87FD331}.Debug|Any CPU.ActiveCfg = Debug|Any CPU
		{9250B768-CC32-4F7E-9C5A-E725E87FD331}.Debug|Any CPU.Build.0 = Debug|Any CPU
		{9250B768-CC32-4F7E-9C5A-E725E87FD331}.Release|Any CPU.ActiveCfg = Release|Any CPU
		{9250B768-CC32-4F7E-9C5A-E725E87FD331}.Release|Any CPU.Build.0 = Release|Any CPU
		{801C2CB8-1AAA-4140-A8E5-BCA0C900353D}.Debug|Any CPU.ActiveCfg = Debug|Any CPU
		{801C2CB8-1AAA-4140-A8E5-BCA0C900353D}.Debug|Any CPU.Build.0 = Debug|Any CPU
		{801C2CB8-1AAA-4140-A8E5-BCA0C900353D}.Release|Any CPU.ActiveCfg = Release|Any CPU
		{801C2CB8-1AAA-4140-A8E5-BCA0C900353D}.Release|Any CPU.Build.0 = Release|Any CPU
		{3C4D812E-30E6-4460-8F30-1041F7B71DBF}.Debug|Any CPU.ActiveCfg = Debug|Any CPU
		{3C4D812E-30E6-4460-8F30-1041F7B71DBF}.Debug|Any CPU.Build.0 = Debug|Any CPU
		{3C4D812E-30E6-4460-8F30-1041F7B71DBF}.Release|Any CPU.ActiveCfg = Release|Any CPU
		{3C4D812E-30E6-4460-8F30-1041F7B71DBF}.Release|Any CPU.Build.0 = Release|Any CPU
	EndGlobalSection
	GlobalSection(SolutionProperties) = preSolution
		HideSolutionNode = FALSE
	EndGlobalSection
	GlobalSection(ExtensibilityGlobals) = postSolution
		SolutionGuid = {31B82CBD-514C-4101-8BA3-84995D8DFA87}
	EndGlobalSection
EndGlobal
