
Microsoft Visual Studio Solution File, Format Version 12.00
# Visual Studio Version 17
VisualStudioVersion = 17.14.36414.22
MinimumVisualStudioVersion = 10.0.40219.1
Project("{FAE04EC0-301F-11D3-BF4B-00C04F79EFBC}") = "HelloWorld", "HelloWorld\HelloWorld.csproj", "{B517CB03-4340-47EB-B061-5E237C7F70EC}"
EndProject
Project("{FAE04EC0-301F-11D3-BF4B-00C04F79EFBC}") = "DataTypes", "DataTypes\DataTypes.csproj", "{DCBFB8DF-55F6-4659-939B-F15AF94847AE}"
EndProject
Project("{FAE04EC0-301F-11D3-BF4B-00C04F79EFBC}") = "WriteApp", "WriteApp\WriteApp.csproj", "{9250B768-CC32-4F7E-9C5A-E725E87FD331}"
EndProject
Project("{FAE04EC0-301F-11D3-BF4B-00C04F79EFBC}") = "ReadApp", "ReadApp\ReadApp.csproj", "{801C2CB8-1AAA-4140-A8E5-BCA0C900353D}"
EndProject
Project("{FAE04EC0-301F-11D3-BF4B-00C04F79EFBC}") = "SafeReadApp", "SafeReadApp\SafeReadApp.csproj", "{3C4D812E-30E6-4460-8F30-1041F7B71DBF}"
EndProject
Project("{FAE04EC0-301F-11D3-BF4B-00C04F79EFBC}") = "ExpressionsApp", "ExpressionsApp\ExpressionsApp.csproj", "{BBE49396-56FD-4D35-9CFA-BF2324A031EB}"
EndProject
Project("{FAE04EC0-301F-11D3-BF4B-00C04F79EFBC}") = "EurosToDollars", "EurosToDollars\EurosToDollars.csproj", "{C3E10903-0D9A-4903-B599-9338202F1575}"
EndProject
Project("{FAE04EC0-301F-11D3-BF4B-00C04F79EFBC}") = "GradesApp", "GradesApp\GradesApp.csproj", "{1ACF27FF-3001-47D5-B889-E19E49E161A7}"
EndProject
Project("{FAE04EC0-301F-11D3-BF4B-00C04F79EFBC}") = "Turnary", "Turnary\Turnary.csproj", "{2C1BB6A2-5FED-4FAE-BE50-10E2E84ADFC6}"
EndProject
Project("{FAE04EC0-301F-11D3-BF4B-00C04F79EFBC}") = "WhileApp", "WhileApp\WhileApp.csproj", "{192D7E47-757B-4C2C-99A5-E99A21B4224C}"
EndProject
Project("{FAE04EC0-301F-11D3-BF4B-00C04F79EFBC}") = "IgnoreNegativesApp", "IgnoreNegativesApp\IgnoreNegativesApp.csproj", "{1EF25CB8-37AE-4399-A146-15A1DC6393DC}"
EndProject
Project("{FAE04EC0-301F-11D3-BF4B-00C04F79EFBC}") = "BigIntegerApp", "BigIntegerApp\BigIntegerApp.csproj", "{D8AD467E-DB44-4312-B114-1139A2BB0941}"
EndProject
Project("{FAE04EC0-301F-11D3-BF4B-00C04F79EFBC}") = "CharReadAppDoWhile", "CharReadApp\CharReadAppDoWhile.csproj", "{37585ADE-8F0F-4606-83B6-CB240ED6F9CD}"
EndProject
Project("{FAE04EC0-301F-11D3-BF4B-00C04F79EFBC}") = "ForApp", "ForApp\ForApp.csproj", "{D5F7EDCC-0555-4387-A30A-7E29F21BE89C}"
EndProject
Project("{FAE04EC0-301F-11D3-BF4B-00C04F79EFBC}") = "EnchancesForApp", "EnchancesForApp\EnchancesForApp.csproj", "{56C62C93-B9E6-44DE-BD81-197A50E25179}"
EndProject
Project("{FAE04EC0-301F-11D3-BF4B-00C04F79EFBC}") = "FormatExceptionApp", "FormatExceptionApp\FormatExceptionApp.csproj", "{472C405D-D985-4695-9D64-46447D11B7B7}"
EndProject
Project("{FAE04EC0-301F-11D3-BF4B-00C04F79EFBC}") = "DigitsCountApp", "DigitsCountApp\DigitsCountApp.csproj", "{0E32A921-939F-4C05-8E9D-1AF6C8B08B2E}"
EndProject
Project("{FAE04EC0-301F-11D3-BF4B-00C04F79EFBC}") = "SwapApp", "SwapApp\SwapApp.csproj", "{46C720AB-2C22-4939-8E35-B7466E1D7304}"
EndProject
Project("{FAE04EC0-301F-11D3-BF4B-00C04F79EFBC}") = "ArraysApp", "ArraysApp\ArraysApp.csproj", "{390D2215-AD6D-4CA5-800F-DAD336FF59E0}"
EndProject
Project("{FAE04EC0-301F-11D3-BF4B-00C04F79EFBC}") = "ArrMin", "ArrMin\ArrMin.csproj", "{3F759FC2-2580-4BD4-8756-2C2D7CFAD3BE}"
EndProject
Project("{FAE04EC0-301F-11D3-BF4B-00C04F79EFBC}") = "SelectionSort", "SelectionSort\SelectionSort.csproj", "{27259F48-7EE4-4A11-A7E5-F6448F0CD426}"
EndProject
Project("{FAE04EC0-301F-11D3-BF4B-00C04F79EFBC}") = "PalindromeApp", "PalindromeApp\PalindromeApp.csproj", "{C4DD92A9-71CA-44D8-9FD1-FF0E07F90DE7}"
EndProject
Project("{FAE04EC0-301F-11D3-BF4B-00C04F79EFBC}") = "ArrayUtilApp", "ArrayUtilApp\ArrayUtilApp.csproj", "{E600D27E-BBCF-4258-89D8-4B75BB0941B1}"
EndProject
Project("{FAE04EC0-301F-11D3-BF4B-00C04F79EFBC}") = "2DimArrayApp", "2DimArrayApp\2DimArrayApp.csproj", "{EA072015-356B-4810-8A5B-B5798F0AF6BA}"
EndProject
Project("{FAE04EC0-301F-11D3-BF4B-00C04F79EFBC}") = "StringApp", "StringApp\StringApp.csproj", "{E25FC7BD-8122-4B8D-B193-3767CFA17C2D}"
EndProject
Project("{FAE04EC0-301F-11D3-BF4B-00C04F79EFBC}") = "StrEqualsAndCompare", "StrEquals\StrEqualsAndCompare.csproj", "{3211706C-48EA-4030-83BA-CC061074501D}"
EndProject
Project("{FAE04EC0-301F-11D3-BF4B-00C04F79EFBC}") = "StrHelperMethods", "StrHelperMethods\StrHelperMethods.csproj", "{A764CDA6-B5FD-4C5E-B6D0-1BDE659D6CC3}"
EndProject
Project("{FAE04EC0-301F-11D3-BF4B-00C04F79EFBC}") = "NullableStr", "NullableStr\NullableStr.csproj", "{E792EC8E-2D2A-45E6-A49F-C93523A34C59}"
EndProject
Project("{FAE04EC0-301F-11D3-BF4B-00C04F79EFBC}") = "StrBuilderApp", "StrBuilderApp\StrBuilderApp.csproj", "{CE731641-C5D1-4149-BC6D-E27F44AACC5F}"
EndProject
Project("{FAE04EC0-301F-11D3-BF4B-00C04F79EFBC}") = "RegExApp", "RegExApp\RegExApp.csproj", "{EA1BC617-0BF2-4A5A-A255-FD672A1B25A6}"
EndProject
Project("{FAE04EC0-301F-11D3-BF4B-00C04F79EFBC}") = "MethodsApp", "MethodsApp\MethodsApp.csproj", "{926B34EF-B704-429D-BE80-D60245DB5F55}"
EndProject
Project("{FAE04EC0-301F-11D3-BF4B-00C04F79EFBC}") = "Regex", "Regex\Regex.csproj", "{D8C6331C-07F3-4D07-AE92-50EDA178F828}"
EndProject
Project("{FAE04EC0-301F-11D3-BF4B-00C04F79EFBC}") = "StudentApp", "StudentApp\StudentApp.csproj", "{66FCE58F-6FD6-4916-9F66-D09C13931AFB}"
EndProject
Project("{FAE04EC0-301F-11D3-BF4B-00C04F79EFBC}") = "AccountApp", "AccountApp\AccountApp.csproj", "{8501A00B-A71C-4987-9B0C-F98925643553}"
EndProject
Project("{FAE04EC0-301F-11D3-BF4B-00C04F79EFBC}") = "PointApp", "PointApp\PointApp.csproj", "{9DBB19C0-EC62-48F2-914C-6A294B66FC0A}"
EndProject
Project("{FAE04EC0-301F-11D3-BF4B-00C04F79EFBC}") = "FractionApp", "FractionApp\FractionApp.csproj", "{4E87F122-75C8-4DEA-B22E-A4800A58FD02}"
EndProject
Project("{FAE04EC0-301F-11D3-BF4B-00C04F79EFBC}") = "ShallowDeepCopyApp", "ShallowDeepCopyApp\ShallowDeepCopyApp.csproj", "{A5AA2674-30A0-463D-B075-3060435DB19A}"
EndProject
Project("{FAE04EC0-301F-11D3-BF4B-00C04F79EFBC}") = "AbstractClassesApp", "AbstractClassesApp\AbstractClassesApp.csproj", "{5A84EB33-CAC5-4056-B6E3-58C1D75F9CF3}"
EndProject
Global
	GlobalSection(SolutionConfigurationPlatforms) = preSolution
		Debug|Any CPU = Debug|Any CPU
		Debug|x64 = Debug|x64
		Debug|x86 = Debug|x86
		Release|Any CPU = Release|Any CPU
		Release|x64 = Release|x64
		Release|x86 = Release|x86
	EndGlobalSection
	GlobalSection(ProjectConfigurationPlatforms) = postSolution
		{B517CB03-4340-47EB-B061-5E237C7F70EC}.Debug|Any CPU.ActiveCfg = Debug|Any CPU
		{B517CB03-4340-47EB-B061-5E237C7F70EC}.Debug|Any CPU.Build.0 = Debug|Any CPU
		{B517CB03-4340-47EB-B061-5E237C7F70EC}.Debug|x64.ActiveCfg = Debug|Any CPU
		{B517CB03-4340-47EB-B061-5E237C7F70EC}.Debug|x64.Build.0 = Debug|Any CPU
		{B517CB03-4340-47EB-B061-5E237C7F70EC}.Debug|x86.ActiveCfg = Debug|Any CPU
		{B517CB03-4340-47EB-B061-5E237C7F70EC}.Debug|x86.Build.0 = Debug|Any CPU
		{B517CB03-4340-47EB-B061-5E237C7F70EC}.Release|Any CPU.ActiveCfg = Release|Any CPU
		{B517CB03-4340-47EB-B061-5E237C7F70EC}.Release|Any CPU.Build.0 = Release|Any CPU
		{B517CB03-4340-47EB-B061-5E237C7F70EC}.Release|x64.ActiveCfg = Release|Any CPU
		{B517CB03-4340-47EB-B061-5E237C7F70EC}.Release|x64.Build.0 = Release|Any CPU
		{B517CB03-4340-47EB-B061-5E237C7F70EC}.Release|x86.ActiveCfg = Release|Any CPU
		{B517CB03-4340-47EB-B061-5E237C7F70EC}.Release|x86.Build.0 = Release|Any CPU
		{DCBFB8DF-55F6-4659-939B-F15AF94847AE}.Debug|Any CPU.ActiveCfg = Debug|Any CPU
		{DCBFB8DF-55F6-4659-939B-F15AF94847AE}.Debug|Any CPU.Build.0 = Debug|Any CPU
		{DCBFB8DF-55F6-4659-939B-F15AF94847AE}.Debug|x64.ActiveCfg = Debug|Any CPU
		{DCBFB8DF-55F6-4659-939B-F15AF94847AE}.Debug|x64.Build.0 = Debug|Any CPU
		{DCBFB8DF-55F6-4659-939B-F15AF94847AE}.Debug|x86.ActiveCfg = Debug|Any CPU
		{DCBFB8DF-55F6-4659-939B-F15AF94847AE}.Debug|x86.Build.0 = Debug|Any CPU
		{DCBFB8DF-55F6-4659-939B-F15AF94847AE}.Release|Any CPU.ActiveCfg = Release|Any CPU
		{DCBFB8DF-55F6-4659-939B-F15AF94847AE}.Release|Any CPU.Build.0 = Release|Any CPU
		{DCBFB8DF-55F6-4659-939B-F15AF94847AE}.Release|x64.ActiveCfg = Release|Any CPU
		{DCBFB8DF-55F6-4659-939B-F15AF94847AE}.Release|x64.Build.0 = Release|Any CPU
		{DCBFB8DF-55F6-4659-939B-F15AF94847AE}.Release|x86.ActiveCfg = Release|Any CPU
		{DCBFB8DF-55F6-4659-939B-F15AF94847AE}.Release|x86.Build.0 = Release|Any CPU
		{9250B768-CC32-4F7E-9C5A-E725E87FD331}.Debug|Any CPU.ActiveCfg = Debug|Any CPU
		{9250B768-CC32-4F7E-9C5A-E725E87FD331}.Debug|Any CPU.Build.0 = Debug|Any CPU
		{9250B768-CC32-4F7E-9C5A-E725E87FD331}.Debug|x64.ActiveCfg = Debug|Any CPU
		{9250B768-CC32-4F7E-9C5A-E725E87FD331}.Debug|x64.Build.0 = Debug|Any CPU
		{9250B768-CC32-4F7E-9C5A-E725E87FD331}.Debug|x86.ActiveCfg = Debug|Any CPU
		{9250B768-CC32-4F7E-9C5A-E725E87FD331}.Debug|x86.Build.0 = Debug|Any CPU
		{9250B768-CC32-4F7E-9C5A-E725E87FD331}.Release|Any CPU.ActiveCfg = Release|Any CPU
		{9250B768-CC32-4F7E-9C5A-E725E87FD331}.Release|Any CPU.Build.0 = Release|Any CPU
		{9250B768-CC32-4F7E-9C5A-E725E87FD331}.Release|x64.ActiveCfg = Release|Any CPU
		{9250B768-CC32-4F7E-9C5A-E725E87FD331}.Release|x64.Build.0 = Release|Any CPU
		{9250B768-CC32-4F7E-9C5A-E725E87FD331}.Release|x86.ActiveCfg = Release|Any CPU
		{9250B768-CC32-4F7E-9C5A-E725E87FD331}.Release|x86.Build.0 = Release|Any CPU
		{801C2CB8-1AAA-4140-A8E5-BCA0C900353D}.Debug|Any CPU.ActiveCfg = Debug|Any CPU
		{801C2CB8-1AAA-4140-A8E5-BCA0C900353D}.Debug|Any CPU.Build.0 = Debug|Any CPU
		{801C2CB8-1AAA-4140-A8E5-BCA0C900353D}.Debug|x64.ActiveCfg = Debug|Any CPU
		{801C2CB8-1AAA-4140-A8E5-BCA0C900353D}.Debug|x64.Build.0 = Debug|Any CPU
		{801C2CB8-1AAA-4140-A8E5-BCA0C900353D}.Debug|x86.ActiveCfg = Debug|Any CPU
		{801C2CB8-1AAA-4140-A8E5-BCA0C900353D}.Debug|x86.Build.0 = Debug|Any CPU
		{801C2CB8-1AAA-4140-A8E5-BCA0C900353D}.Release|Any CPU.ActiveCfg = Release|Any CPU
		{801C2CB8-1AAA-4140-A8E5-BCA0C900353D}.Release|Any CPU.Build.0 = Release|Any CPU
		{801C2CB8-1AAA-4140-A8E5-BCA0C900353D}.Release|x64.ActiveCfg = Release|Any CPU
		{801C2CB8-1AAA-4140-A8E5-BCA0C900353D}.Release|x64.Build.0 = Release|Any CPU
		{801C2CB8-1AAA-4140-A8E5-BCA0C900353D}.Release|x86.ActiveCfg = Release|Any CPU
		{801C2CB8-1AAA-4140-A8E5-BCA0C900353D}.Release|x86.Build.0 = Release|Any CPU
		{3C4D812E-30E6-4460-8F30-1041F7B71DBF}.Debug|Any CPU.ActiveCfg = Debug|Any CPU
		{3C4D812E-30E6-4460-8F30-1041F7B71DBF}.Debug|Any CPU.Build.0 = Debug|Any CPU
		{3C4D812E-30E6-4460-8F30-1041F7B71DBF}.Debug|x64.ActiveCfg = Debug|Any CPU
		{3C4D812E-30E6-4460-8F30-1041F7B71DBF}.Debug|x64.Build.0 = Debug|Any CPU
		{3C4D812E-30E6-4460-8F30-1041F7B71DBF}.Debug|x86.ActiveCfg = Debug|Any CPU
		{3C4D812E-30E6-4460-8F30-1041F7B71DBF}.Debug|x86.Build.0 = Debug|Any CPU
		{3C4D812E-30E6-4460-8F30-1041F7B71DBF}.Release|Any CPU.ActiveCfg = Release|Any CPU
		{3C4D812E-30E6-4460-8F30-1041F7B71DBF}.Release|Any CPU.Build.0 = Release|Any CPU
		{3C4D812E-30E6-4460-8F30-1041F7B71DBF}.Release|x64.ActiveCfg = Release|Any CPU
		{3C4D812E-30E6-4460-8F30-1041F7B71DBF}.Release|x64.Build.0 = Release|Any CPU
		{3C4D812E-30E6-4460-8F30-1041F7B71DBF}.Release|x86.ActiveCfg = Release|Any CPU
		{3C4D812E-30E6-4460-8F30-1041F7B71DBF}.Release|x86.Build.0 = Release|Any CPU
		{BBE49396-56FD-4D35-9CFA-BF2324A031EB}.Debug|Any CPU.ActiveCfg = Debug|Any CPU
		{BBE49396-56FD-4D35-9CFA-BF2324A031EB}.Debug|Any CPU.Build.0 = Debug|Any CPU
		{BBE49396-56FD-4D35-9CFA-BF2324A031EB}.Debug|x64.ActiveCfg = Debug|Any CPU
		{BBE49396-56FD-4D35-9CFA-BF2324A031EB}.Debug|x64.Build.0 = Debug|Any CPU
		{BBE49396-56FD-4D35-9CFA-BF2324A031EB}.Debug|x86.ActiveCfg = Debug|Any CPU
		{BBE49396-56FD-4D35-9CFA-BF2324A031EB}.Debug|x86.Build.0 = Debug|Any CPU
		{BBE49396-56FD-4D35-9CFA-BF2324A031EB}.Release|Any CPU.ActiveCfg = Release|Any CPU
		{BBE49396-56FD-4D35-9CFA-BF2324A031EB}.Release|Any CPU.Build.0 = Release|Any CPU
		{BBE49396-56FD-4D35-9CFA-BF2324A031EB}.Release|x64.ActiveCfg = Release|Any CPU
		{BBE49396-56FD-4D35-9CFA-BF2324A031EB}.Release|x64.Build.0 = Release|Any CPU
		{BBE49396-56FD-4D35-9CFA-BF2324A031EB}.Release|x86.ActiveCfg = Release|Any CPU
		{BBE49396-56FD-4D35-9CFA-BF2324A031EB}.Release|x86.Build.0 = Release|Any CPU
		{C3E10903-0D9A-4903-B599-9338202F1575}.Debug|Any CPU.ActiveCfg = Debug|Any CPU
		{C3E10903-0D9A-4903-B599-9338202F1575}.Debug|Any CPU.Build.0 = Debug|Any CPU
		{C3E10903-0D9A-4903-B599-9338202F1575}.Debug|x64.ActiveCfg = Debug|Any CPU
		{C3E10903-0D9A-4903-B599-9338202F1575}.Debug|x64.Build.0 = Debug|Any CPU
		{C3E10903-0D9A-4903-B599-9338202F1575}.Debug|x86.ActiveCfg = Debug|Any CPU
		{C3E10903-0D9A-4903-B599-9338202F1575}.Debug|x86.Build.0 = Debug|Any CPU
		{C3E10903-0D9A-4903-B599-9338202F1575}.Release|Any CPU.ActiveCfg = Release|Any CPU
		{C3E10903-0D9A-4903-B599-9338202F1575}.Release|Any CPU.Build.0 = Release|Any CPU
		{C3E10903-0D9A-4903-B599-9338202F1575}.Release|x64.ActiveCfg = Release|Any CPU
		{C3E10903-0D9A-4903-B599-9338202F1575}.Release|x64.Build.0 = Release|Any CPU
		{C3E10903-0D9A-4903-B599-9338202F1575}.Release|x86.ActiveCfg = Release|Any CPU
		{C3E10903-0D9A-4903-B599-9338202F1575}.Release|x86.Build.0 = Release|Any CPU
		{1ACF27FF-3001-47D5-B889-E19E49E161A7}.Debug|Any CPU.ActiveCfg = Debug|Any CPU
		{1ACF27FF-3001-47D5-B889-E19E49E161A7}.Debug|Any CPU.Build.0 = Debug|Any CPU
		{1ACF27FF-3001-47D5-B889-E19E49E161A7}.Debug|x64.ActiveCfg = Debug|Any CPU
		{1ACF27FF-3001-47D5-B889-E19E49E161A7}.Debug|x64.Build.0 = Debug|Any CPU
		{1ACF27FF-3001-47D5-B889-E19E49E161A7}.Debug|x86.ActiveCfg = Debug|Any CPU
		{1ACF27FF-3001-47D5-B889-E19E49E161A7}.Debug|x86.Build.0 = Debug|Any CPU
		{1ACF27FF-3001-47D5-B889-E19E49E161A7}.Release|Any CPU.ActiveCfg = Release|Any CPU
		{1ACF27FF-3001-47D5-B889-E19E49E161A7}.Release|Any CPU.Build.0 = Release|Any CPU
		{1ACF27FF-3001-47D5-B889-E19E49E161A7}.Release|x64.ActiveCfg = Release|Any CPU
		{1ACF27FF-3001-47D5-B889-E19E49E161A7}.Release|x64.Build.0 = Release|Any CPU
		{1ACF27FF-3001-47D5-B889-E19E49E161A7}.Release|x86.ActiveCfg = Release|Any CPU
		{1ACF27FF-3001-47D5-B889-E19E49E161A7}.Release|x86.Build.0 = Release|Any CPU
		{2C1BB6A2-5FED-4FAE-BE50-10E2E84ADFC6}.Debug|Any CPU.ActiveCfg = Debug|Any CPU
		{2C1BB6A2-5FED-4FAE-BE50-10E2E84ADFC6}.Debug|Any CPU.Build.0 = Debug|Any CPU
		{2C1BB6A2-5FED-4FAE-BE50-10E2E84ADFC6}.Debug|x64.ActiveCfg = Debug|Any CPU
		{2C1BB6A2-5FED-4FAE-BE50-10E2E84ADFC6}.Debug|x64.Build.0 = Debug|Any CPU
		{2C1BB6A2-5FED-4FAE-BE50-10E2E84ADFC6}.Debug|x86.ActiveCfg = Debug|Any CPU
		{2C1BB6A2-5FED-4FAE-BE50-10E2E84ADFC6}.Debug|x86.Build.0 = Debug|Any CPU
		{2C1BB6A2-5FED-4FAE-BE50-10E2E84ADFC6}.Release|Any CPU.ActiveCfg = Release|Any CPU
		{2C1BB6A2-5FED-4FAE-BE50-10E2E84ADFC6}.Release|Any CPU.Build.0 = Release|Any CPU
		{2C1BB6A2-5FED-4FAE-BE50-10E2E84ADFC6}.Release|x64.ActiveCfg = Release|Any CPU
		{2C1BB6A2-5FED-4FAE-BE50-10E2E84ADFC6}.Release|x64.Build.0 = Release|Any CPU
		{2C1BB6A2-5FED-4FAE-BE50-10E2E84ADFC6}.Release|x86.ActiveCfg = Release|Any CPU
		{2C1BB6A2-5FED-4FAE-BE50-10E2E84ADFC6}.Release|x86.Build.0 = Release|Any CPU
		{192D7E47-757B-4C2C-99A5-E99A21B4224C}.Debug|Any CPU.ActiveCfg = Debug|Any CPU
		{192D7E47-757B-4C2C-99A5-E99A21B4224C}.Debug|Any CPU.Build.0 = Debug|Any CPU
		{192D7E47-757B-4C2C-99A5-E99A21B4224C}.Debug|x64.ActiveCfg = Debug|Any CPU
		{192D7E47-757B-4C2C-99A5-E99A21B4224C}.Debug|x64.Build.0 = Debug|Any CPU
		{192D7E47-757B-4C2C-99A5-E99A21B4224C}.Debug|x86.ActiveCfg = Debug|Any CPU
		{192D7E47-757B-4C2C-99A5-E99A21B4224C}.Debug|x86.Build.0 = Debug|Any CPU
		{192D7E47-757B-4C2C-99A5-E99A21B4224C}.Release|Any CPU.ActiveCfg = Release|Any CPU
		{192D7E47-757B-4C2C-99A5-E99A21B4224C}.Release|Any CPU.Build.0 = Release|Any CPU
		{192D7E47-757B-4C2C-99A5-E99A21B4224C}.Release|x64.ActiveCfg = Release|Any CPU
		{192D7E47-757B-4C2C-99A5-E99A21B4224C}.Release|x64.Build.0 = Release|Any CPU
		{192D7E47-757B-4C2C-99A5-E99A21B4224C}.Release|x86.ActiveCfg = Release|Any CPU
		{192D7E47-757B-4C2C-99A5-E99A21B4224C}.Release|x86.Build.0 = Release|Any CPU
		{1EF25CB8-37AE-4399-A146-15A1DC6393DC}.Debug|Any CPU.ActiveCfg = Debug|Any CPU
		{1EF25CB8-37AE-4399-A146-15A1DC6393DC}.Debug|Any CPU.Build.0 = Debug|Any CPU
		{1EF25CB8-37AE-4399-A146-15A1DC6393DC}.Debug|x64.ActiveCfg = Debug|Any CPU
		{1EF25CB8-37AE-4399-A146-15A1DC6393DC}.Debug|x64.Build.0 = Debug|Any CPU
		{1EF25CB8-37AE-4399-A146-15A1DC6393DC}.Debug|x86.ActiveCfg = Debug|Any CPU
		{1EF25CB8-37AE-4399-A146-15A1DC6393DC}.Debug|x86.Build.0 = Debug|Any CPU
		{1EF25CB8-37AE-4399-A146-15A1DC6393DC}.Release|Any CPU.ActiveCfg = Release|Any CPU
		{1EF25CB8-37AE-4399-A146-15A1DC6393DC}.Release|Any CPU.Build.0 = Release|Any CPU
		{1EF25CB8-37AE-4399-A146-15A1DC6393DC}.Release|x64.ActiveCfg = Release|Any CPU
		{1EF25CB8-37AE-4399-A146-15A1DC6393DC}.Release|x64.Build.0 = Release|Any CPU
		{1EF25CB8-37AE-4399-A146-15A1DC6393DC}.Release|x86.ActiveCfg = Release|Any CPU
		{1EF25CB8-37AE-4399-A146-15A1DC6393DC}.Release|x86.Build.0 = Release|Any CPU
		{D8AD467E-DB44-4312-B114-1139A2BB0941}.Debug|Any CPU.ActiveCfg = Debug|Any CPU
		{D8AD467E-DB44-4312-B114-1139A2BB0941}.Debug|Any CPU.Build.0 = Debug|Any CPU
		{D8AD467E-DB44-4312-B114-1139A2BB0941}.Debug|x64.ActiveCfg = Debug|Any CPU
		{D8AD467E-DB44-4312-B114-1139A2BB0941}.Debug|x64.Build.0 = Debug|Any CPU
		{D8AD467E-DB44-4312-B114-1139A2BB0941}.Debug|x86.ActiveCfg = Debug|Any CPU
		{D8AD467E-DB44-4312-B114-1139A2BB0941}.Debug|x86.Build.0 = Debug|Any CPU
		{D8AD467E-DB44-4312-B114-1139A2BB0941}.Release|Any CPU.ActiveCfg = Release|Any CPU
		{D8AD467E-DB44-4312-B114-1139A2BB0941}.Release|Any CPU.Build.0 = Release|Any CPU
		{D8AD467E-DB44-4312-B114-1139A2BB0941}.Release|x64.ActiveCfg = Release|Any CPU
		{D8AD467E-DB44-4312-B114-1139A2BB0941}.Release|x64.Build.0 = Release|Any CPU
		{D8AD467E-DB44-4312-B114-1139A2BB0941}.Release|x86.ActiveCfg = Release|Any CPU
		{D8AD467E-DB44-4312-B114-1139A2BB0941}.Release|x86.Build.0 = Release|Any CPU
		{37585ADE-8F0F-4606-83B6-CB240ED6F9CD}.Debug|Any CPU.ActiveCfg = Debug|Any CPU
		{37585ADE-8F0F-4606-83B6-CB240ED6F9CD}.Debug|Any CPU.Build.0 = Debug|Any CPU
		{37585ADE-8F0F-4606-83B6-CB240ED6F9CD}.Debug|x64.ActiveCfg = Debug|Any CPU
		{37585ADE-8F0F-4606-83B6-CB240ED6F9CD}.Debug|x64.Build.0 = Debug|Any CPU
		{37585ADE-8F0F-4606-83B6-CB240ED6F9CD}.Debug|x86.ActiveCfg = Debug|Any CPU
		{37585ADE-8F0F-4606-83B6-CB240ED6F9CD}.Debug|x86.Build.0 = Debug|Any CPU
		{37585ADE-8F0F-4606-83B6-CB240ED6F9CD}.Release|Any CPU.ActiveCfg = Release|Any CPU
		{37585ADE-8F0F-4606-83B6-CB240ED6F9CD}.Release|Any CPU.Build.0 = Release|Any CPU
		{37585ADE-8F0F-4606-83B6-CB240ED6F9CD}.Release|x64.ActiveCfg = Release|Any CPU
		{37585ADE-8F0F-4606-83B6-CB240ED6F9CD}.Release|x64.Build.0 = Release|Any CPU
		{37585ADE-8F0F-4606-83B6-CB240ED6F9CD}.Release|x86.ActiveCfg = Release|Any CPU
		{37585ADE-8F0F-4606-83B6-CB240ED6F9CD}.Release|x86.Build.0 = Release|Any CPU
		{D5F7EDCC-0555-4387-A30A-7E29F21BE89C}.Debug|Any CPU.ActiveCfg = Debug|Any CPU
		{D5F7EDCC-0555-4387-A30A-7E29F21BE89C}.Debug|Any CPU.Build.0 = Debug|Any CPU
		{D5F7EDCC-0555-4387-A30A-7E29F21BE89C}.Debug|x64.ActiveCfg = Debug|Any CPU
		{D5F7EDCC-0555-4387-A30A-7E29F21BE89C}.Debug|x64.Build.0 = Debug|Any CPU
		{D5F7EDCC-0555-4387-A30A-7E29F21BE89C}.Debug|x86.ActiveCfg = Debug|Any CPU
		{D5F7EDCC-0555-4387-A30A-7E29F21BE89C}.Debug|x86.Build.0 = Debug|Any CPU
		{D5F7EDCC-0555-4387-A30A-7E29F21BE89C}.Release|Any CPU.ActiveCfg = Release|Any CPU
		{D5F7EDCC-0555-4387-A30A-7E29F21BE89C}.Release|Any CPU.Build.0 = Release|Any CPU
		{D5F7EDCC-0555-4387-A30A-7E29F21BE89C}.Release|x64.ActiveCfg = Release|Any CPU
		{D5F7EDCC-0555-4387-A30A-7E29F21BE89C}.Release|x64.Build.0 = Release|Any CPU
		{D5F7EDCC-0555-4387-A30A-7E29F21BE89C}.Release|x86.ActiveCfg = Release|Any CPU
		{D5F7EDCC-0555-4387-A30A-7E29F21BE89C}.Release|x86.Build.0 = Release|Any CPU
		{56C62C93-B9E6-44DE-BD81-197A50E25179}.Debug|Any CPU.ActiveCfg = Debug|Any CPU
		{56C62C93-B9E6-44DE-BD81-197A50E25179}.Debug|Any CPU.Build.0 = Debug|Any CPU
		{56C62C93-B9E6-44DE-BD81-197A50E25179}.Debug|x64.ActiveCfg = Debug|Any CPU
		{56C62C93-B9E6-44DE-BD81-197A50E25179}.Debug|x64.Build.0 = Debug|Any CPU
		{56C62C93-B9E6-44DE-BD81-197A50E25179}.Debug|x86.ActiveCfg = Debug|Any CPU
		{56C62C93-B9E6-44DE-BD81-197A50E25179}.Debug|x86.Build.0 = Debug|Any CPU
		{56C62C93-B9E6-44DE-BD81-197A50E25179}.Release|Any CPU.ActiveCfg = Release|Any CPU
		{56C62C93-B9E6-44DE-BD81-197A50E25179}.Release|Any CPU.Build.0 = Release|Any CPU
		{56C62C93-B9E6-44DE-BD81-197A50E25179}.Release|x64.ActiveCfg = Release|Any CPU
		{56C62C93-B9E6-44DE-BD81-197A50E25179}.Release|x64.Build.0 = Release|Any CPU
		{56C62C93-B9E6-44DE-BD81-197A50E25179}.Release|x86.ActiveCfg = Release|Any CPU
		{56C62C93-B9E6-44DE-BD81-197A50E25179}.Release|x86.Build.0 = Release|Any CPU
		{472C405D-D985-4695-9D64-46447D11B7B7}.Debug|Any CPU.ActiveCfg = Debug|Any CPU
		{472C405D-D985-4695-9D64-46447D11B7B7}.Debug|Any CPU.Build.0 = Debug|Any CPU
		{472C405D-D985-4695-9D64-46447D11B7B7}.Debug|x64.ActiveCfg = Debug|Any CPU
		{472C405D-D985-4695-9D64-46447D11B7B7}.Debug|x64.Build.0 = Debug|Any CPU
		{472C405D-D985-4695-9D64-46447D11B7B7}.Debug|x86.ActiveCfg = Debug|Any CPU
		{472C405D-D985-4695-9D64-46447D11B7B7}.Debug|x86.Build.0 = Debug|Any CPU
		{472C405D-D985-4695-9D64-46447D11B7B7}.Release|Any CPU.ActiveCfg = Release|Any CPU
		{472C405D-D985-4695-9D64-46447D11B7B7}.Release|Any CPU.Build.0 = Release|Any CPU
		{472C405D-D985-4695-9D64-46447D11B7B7}.Release|x64.ActiveCfg = Release|Any CPU
		{472C405D-D985-4695-9D64-46447D11B7B7}.Release|x64.Build.0 = Release|Any CPU
		{472C405D-D985-4695-9D64-46447D11B7B7}.Release|x86.ActiveCfg = Release|Any CPU
		{472C405D-D985-4695-9D64-46447D11B7B7}.Release|x86.Build.0 = Release|Any CPU
		{0E32A921-939F-4C05-8E9D-1AF6C8B08B2E}.Debug|Any CPU.ActiveCfg = Debug|Any CPU
		{0E32A921-939F-4C05-8E9D-1AF6C8B08B2E}.Debug|Any CPU.Build.0 = Debug|Any CPU
		{0E32A921-939F-4C05-8E9D-1AF6C8B08B2E}.Debug|x64.ActiveCfg = Debug|Any CPU
		{0E32A921-939F-4C05-8E9D-1AF6C8B08B2E}.Debug|x64.Build.0 = Debug|Any CPU
		{0E32A921-939F-4C05-8E9D-1AF6C8B08B2E}.Debug|x86.ActiveCfg = Debug|Any CPU
		{0E32A921-939F-4C05-8E9D-1AF6C8B08B2E}.Debug|x86.Build.0 = Debug|Any CPU
		{0E32A921-939F-4C05-8E9D-1AF6C8B08B2E}.Release|Any CPU.ActiveCfg = Release|Any CPU
		{0E32A921-939F-4C05-8E9D-1AF6C8B08B2E}.Release|Any CPU.Build.0 = Release|Any CPU
		{0E32A921-939F-4C05-8E9D-1AF6C8B08B2E}.Release|x64.ActiveCfg = Release|Any CPU
		{0E32A921-939F-4C05-8E9D-1AF6C8B08B2E}.Release|x64.Build.0 = Release|Any CPU
		{0E32A921-939F-4C05-8E9D-1AF6C8B08B2E}.Release|x86.ActiveCfg = Release|Any CPU
		{0E32A921-939F-4C05-8E9D-1AF6C8B08B2E}.Release|x86.Build.0 = Release|Any CPU
		{46C720AB-2C22-4939-8E35-B7466E1D7304}.Debug|Any CPU.ActiveCfg = Debug|Any CPU
		{46C720AB-2C22-4939-8E35-B7466E1D7304}.Debug|Any CPU.Build.0 = Debug|Any CPU
		{46C720AB-2C22-4939-8E35-B7466E1D7304}.Debug|x64.ActiveCfg = Debug|Any CPU
		{46C720AB-2C22-4939-8E35-B7466E1D7304}.Debug|x64.Build.0 = Debug|Any CPU
		{46C720AB-2C22-4939-8E35-B7466E1D7304}.Debug|x86.ActiveCfg = Debug|Any CPU
		{46C720AB-2C22-4939-8E35-B7466E1D7304}.Debug|x86.Build.0 = Debug|Any CPU
		{46C720AB-2C22-4939-8E35-B7466E1D7304}.Release|Any CPU.ActiveCfg = Release|Any CPU
		{46C720AB-2C22-4939-8E35-B7466E1D7304}.Release|Any CPU.Build.0 = Release|Any CPU
		{46C720AB-2C22-4939-8E35-B7466E1D7304}.Release|x64.ActiveCfg = Release|Any CPU
		{46C720AB-2C22-4939-8E35-B7466E1D7304}.Release|x64.Build.0 = Release|Any CPU
		{46C720AB-2C22-4939-8E35-B7466E1D7304}.Release|x86.ActiveCfg = Release|Any CPU
		{46C720AB-2C22-4939-8E35-B7466E1D7304}.Release|x86.Build.0 = Release|Any CPU
		{390D2215-AD6D-4CA5-800F-DAD336FF59E0}.Debug|Any CPU.ActiveCfg = Debug|Any CPU
		{390D2215-AD6D-4CA5-800F-DAD336FF59E0}.Debug|Any CPU.Build.0 = Debug|Any CPU
		{390D2215-AD6D-4CA5-800F-DAD336FF59E0}.Debug|x64.ActiveCfg = Debug|Any CPU
		{390D2215-AD6D-4CA5-800F-DAD336FF59E0}.Debug|x64.Build.0 = Debug|Any CPU
		{390D2215-AD6D-4CA5-800F-DAD336FF59E0}.Debug|x86.ActiveCfg = Debug|Any CPU
		{390D2215-AD6D-4CA5-800F-DAD336FF59E0}.Debug|x86.Build.0 = Debug|Any CPU
		{390D2215-AD6D-4CA5-800F-DAD336FF59E0}.Release|Any CPU.ActiveCfg = Release|Any CPU
		{390D2215-AD6D-4CA5-800F-DAD336FF59E0}.Release|Any CPU.Build.0 = Release|Any CPU
		{390D2215-AD6D-4CA5-800F-DAD336FF59E0}.Release|x64.ActiveCfg = Release|Any CPU
		{390D2215-AD6D-4CA5-800F-DAD336FF59E0}.Release|x64.Build.0 = Release|Any CPU
		{390D2215-AD6D-4CA5-800F-DAD336FF59E0}.Release|x86.ActiveCfg = Release|Any CPU
		{390D2215-AD6D-4CA5-800F-DAD336FF59E0}.Release|x86.Build.0 = Release|Any CPU
		{3F759FC2-2580-4BD4-8756-2C2D7CFAD3BE}.Debug|Any CPU.ActiveCfg = Debug|Any CPU
		{3F759FC2-2580-4BD4-8756-2C2D7CFAD3BE}.Debug|Any CPU.Build.0 = Debug|Any CPU
		{3F759FC2-2580-4BD4-8756-2C2D7CFAD3BE}.Debug|x64.ActiveCfg = Debug|Any CPU
		{3F759FC2-2580-4BD4-8756-2C2D7CFAD3BE}.Debug|x64.Build.0 = Debug|Any CPU
		{3F759FC2-2580-4BD4-8756-2C2D7CFAD3BE}.Debug|x86.ActiveCfg = Debug|Any CPU
		{3F759FC2-2580-4BD4-8756-2C2D7CFAD3BE}.Debug|x86.Build.0 = Debug|Any CPU
		{3F759FC2-2580-4BD4-8756-2C2D7CFAD3BE}.Release|Any CPU.ActiveCfg = Release|Any CPU
		{3F759FC2-2580-4BD4-8756-2C2D7CFAD3BE}.Release|Any CPU.Build.0 = Release|Any CPU
		{3F759FC2-2580-4BD4-8756-2C2D7CFAD3BE}.Release|x64.ActiveCfg = Release|Any CPU
		{3F759FC2-2580-4BD4-8756-2C2D7CFAD3BE}.Release|x64.Build.0 = Release|Any CPU
		{3F759FC2-2580-4BD4-8756-2C2D7CFAD3BE}.Release|x86.ActiveCfg = Release|Any CPU
		{3F759FC2-2580-4BD4-8756-2C2D7CFAD3BE}.Release|x86.Build.0 = Release|Any CPU
		{27259F48-7EE4-4A11-A7E5-F6448F0CD426}.Debug|Any CPU.ActiveCfg = Debug|Any CPU
		{27259F48-7EE4-4A11-A7E5-F6448F0CD426}.Debug|Any CPU.Build.0 = Debug|Any CPU
		{27259F48-7EE4-4A11-A7E5-F6448F0CD426}.Debug|x64.ActiveCfg = Debug|Any CPU
		{27259F48-7EE4-4A11-A7E5-F6448F0CD426}.Debug|x64.Build.0 = Debug|Any CPU
		{27259F48-7EE4-4A11-A7E5-F6448F0CD426}.Debug|x86.ActiveCfg = Debug|Any CPU
		{27259F48-7EE4-4A11-A7E5-F6448F0CD426}.Debug|x86.Build.0 = Debug|Any CPU
		{27259F48-7EE4-4A11-A7E5-F6448F0CD426}.Release|Any CPU.ActiveCfg = Release|Any CPU
		{27259F48-7EE4-4A11-A7E5-F6448F0CD426}.Release|Any CPU.Build.0 = Release|Any CPU
		{27259F48-7EE4-4A11-A7E5-F6448F0CD426}.Release|x64.ActiveCfg = Release|Any CPU
		{27259F48-7EE4-4A11-A7E5-F6448F0CD426}.Release|x64.Build.0 = Release|Any CPU
		{27259F48-7EE4-4A11-A7E5-F6448F0CD426}.Release|x86.ActiveCfg = Release|Any CPU
		{27259F48-7EE4-4A11-A7E5-F6448F0CD426}.Release|x86.Build.0 = Release|Any CPU
		{C4DD92A9-71CA-44D8-9FD1-FF0E07F90DE7}.Debug|Any CPU.ActiveCfg = Debug|Any CPU
		{C4DD92A9-71CA-44D8-9FD1-FF0E07F90DE7}.Debug|Any CPU.Build.0 = Debug|Any CPU
		{C4DD92A9-71CA-44D8-9FD1-FF0E07F90DE7}.Debug|x64.ActiveCfg = Debug|Any CPU
		{C4DD92A9-71CA-44D8-9FD1-FF0E07F90DE7}.Debug|x64.Build.0 = Debug|Any CPU
		{C4DD92A9-71CA-44D8-9FD1-FF0E07F90DE7}.Debug|x86.ActiveCfg = Debug|Any CPU
		{C4DD92A9-71CA-44D8-9FD1-FF0E07F90DE7}.Debug|x86.Build.0 = Debug|Any CPU
		{C4DD92A9-71CA-44D8-9FD1-FF0E07F90DE7}.Release|Any CPU.ActiveCfg = Release|Any CPU
		{C4DD92A9-71CA-44D8-9FD1-FF0E07F90DE7}.Release|Any CPU.Build.0 = Release|Any CPU
		{C4DD92A9-71CA-44D8-9FD1-FF0E07F90DE7}.Release|x64.ActiveCfg = Release|Any CPU
		{C4DD92A9-71CA-44D8-9FD1-FF0E07F90DE7}.Release|x64.Build.0 = Release|Any CPU
		{C4DD92A9-71CA-44D8-9FD1-FF0E07F90DE7}.Release|x86.ActiveCfg = Release|Any CPU
		{C4DD92A9-71CA-44D8-9FD1-FF0E07F90DE7}.Release|x86.Build.0 = Release|Any CPU
		{E600D27E-BBCF-4258-89D8-4B75BB0941B1}.Debug|Any CPU.ActiveCfg = Debug|Any CPU
		{E600D27E-BBCF-4258-89D8-4B75BB0941B1}.Debug|Any CPU.Build.0 = Debug|Any CPU
		{E600D27E-BBCF-4258-89D8-4B75BB0941B1}.Debug|x64.ActiveCfg = Debug|Any CPU
		{E600D27E-BBCF-4258-89D8-4B75BB0941B1}.Debug|x64.Build.0 = Debug|Any CPU
		{E600D27E-BBCF-4258-89D8-4B75BB0941B1}.Debug|x86.ActiveCfg = Debug|Any CPU
		{E600D27E-BBCF-4258-89D8-4B75BB0941B1}.Debug|x86.Build.0 = Debug|Any CPU
		{E600D27E-BBCF-4258-89D8-4B75BB0941B1}.Release|Any CPU.ActiveCfg = Release|Any CPU
		{E600D27E-BBCF-4258-89D8-4B75BB0941B1}.Release|Any CPU.Build.0 = Release|Any CPU
		{E600D27E-BBCF-4258-89D8-4B75BB0941B1}.Release|x64.ActiveCfg = Release|Any CPU
		{E600D27E-BBCF-4258-89D8-4B75BB0941B1}.Release|x64.Build.0 = Release|Any CPU
		{E600D27E-BBCF-4258-89D8-4B75BB0941B1}.Release|x86.ActiveCfg = Release|Any CPU
		{E600D27E-BBCF-4258-89D8-4B75BB0941B1}.Release|x86.Build.0 = Release|Any CPU
		{EA072015-356B-4810-8A5B-B5798F0AF6BA}.Debug|Any CPU.ActiveCfg = Debug|Any CPU
		{EA072015-356B-4810-8A5B-B5798F0AF6BA}.Debug|Any CPU.Build.0 = Debug|Any CPU
		{EA072015-356B-4810-8A5B-B5798F0AF6BA}.Debug|x64.ActiveCfg = Debug|Any CPU
		{EA072015-356B-4810-8A5B-B5798F0AF6BA}.Debug|x64.Build.0 = Debug|Any CPU
		{EA072015-356B-4810-8A5B-B5798F0AF6BA}.Debug|x86.ActiveCfg = Debug|Any CPU
		{EA072015-356B-4810-8A5B-B5798F0AF6BA}.Debug|x86.Build.0 = Debug|Any CPU
		{EA072015-356B-4810-8A5B-B5798F0AF6BA}.Release|Any CPU.ActiveCfg = Release|Any CPU
		{EA072015-356B-4810-8A5B-B5798F0AF6BA}.Release|Any CPU.Build.0 = Release|Any CPU
		{EA072015-356B-4810-8A5B-B5798F0AF6BA}.Release|x64.ActiveCfg = Release|Any CPU
		{EA072015-356B-4810-8A5B-B5798F0AF6BA}.Release|x64.Build.0 = Release|Any CPU
		{EA072015-356B-4810-8A5B-B5798F0AF6BA}.Release|x86.ActiveCfg = Release|Any CPU
		{EA072015-356B-4810-8A5B-B5798F0AF6BA}.Release|x86.Build.0 = Release|Any CPU
		{E25FC7BD-8122-4B8D-B193-3767CFA17C2D}.Debug|Any CPU.ActiveCfg = Debug|Any CPU
		{E25FC7BD-8122-4B8D-B193-3767CFA17C2D}.Debug|Any CPU.Build.0 = Debug|Any CPU
		{E25FC7BD-8122-4B8D-B193-3767CFA17C2D}.Debug|x64.ActiveCfg = Debug|Any CPU
		{E25FC7BD-8122-4B8D-B193-3767CFA17C2D}.Debug|x64.Build.0 = Debug|Any CPU
		{E25FC7BD-8122-4B8D-B193-3767CFA17C2D}.Debug|x86.ActiveCfg = Debug|Any CPU
		{E25FC7BD-8122-4B8D-B193-3767CFA17C2D}.Debug|x86.Build.0 = Debug|Any CPU
		{E25FC7BD-8122-4B8D-B193-3767CFA17C2D}.Release|Any CPU.ActiveCfg = Release|Any CPU
		{E25FC7BD-8122-4B8D-B193-3767CFA17C2D}.Release|Any CPU.Build.0 = Release|Any CPU
		{E25FC7BD-8122-4B8D-B193-3767CFA17C2D}.Release|x64.ActiveCfg = Release|Any CPU
		{E25FC7BD-8122-4B8D-B193-3767CFA17C2D}.Release|x64.Build.0 = Release|Any CPU
		{E25FC7BD-8122-4B8D-B193-3767CFA17C2D}.Release|x86.ActiveCfg = Release|Any CPU
		{E25FC7BD-8122-4B8D-B193-3767CFA17C2D}.Release|x86.Build.0 = Release|Any CPU
		{3211706C-48EA-4030-83BA-CC061074501D}.Debug|Any CPU.ActiveCfg = Debug|Any CPU
		{3211706C-48EA-4030-83BA-CC061074501D}.Debug|Any CPU.Build.0 = Debug|Any CPU
		{3211706C-48EA-4030-83BA-CC061074501D}.Debug|x64.ActiveCfg = Debug|Any CPU
		{3211706C-48EA-4030-83BA-CC061074501D}.Debug|x64.Build.0 = Debug|Any CPU
		{3211706C-48EA-4030-83BA-CC061074501D}.Debug|x86.ActiveCfg = Debug|Any CPU
		{3211706C-48EA-4030-83BA-CC061074501D}.Debug|x86.Build.0 = Debug|Any CPU
		{3211706C-48EA-4030-83BA-CC061074501D}.Release|Any CPU.ActiveCfg = Release|Any CPU
		{3211706C-48EA-4030-83BA-CC061074501D}.Release|Any CPU.Build.0 = Release|Any CPU
		{3211706C-48EA-4030-83BA-CC061074501D}.Release|x64.ActiveCfg = Release|Any CPU
		{3211706C-48EA-4030-83BA-CC061074501D}.Release|x64.Build.0 = Release|Any CPU
		{3211706C-48EA-4030-83BA-CC061074501D}.Release|x86.ActiveCfg = Release|Any CPU
		{3211706C-48EA-4030-83BA-CC061074501D}.Release|x86.Build.0 = Release|Any CPU
		{A764CDA6-B5FD-4C5E-B6D0-1BDE659D6CC3}.Debug|Any CPU.ActiveCfg = Debug|Any CPU
		{A764CDA6-B5FD-4C5E-B6D0-1BDE659D6CC3}.Debug|Any CPU.Build.0 = Debug|Any CPU
		{A764CDA6-B5FD-4C5E-B6D0-1BDE659D6CC3}.Debug|x64.ActiveCfg = Debug|Any CPU
		{A764CDA6-B5FD-4C5E-B6D0-1BDE659D6CC3}.Debug|x64.Build.0 = Debug|Any CPU
		{A764CDA6-B5FD-4C5E-B6D0-1BDE659D6CC3}.Debug|x86.ActiveCfg = Debug|Any CPU
		{A764CDA6-B5FD-4C5E-B6D0-1BDE659D6CC3}.Debug|x86.Build.0 = Debug|Any CPU
		{A764CDA6-B5FD-4C5E-B6D0-1BDE659D6CC3}.Release|Any CPU.ActiveCfg = Release|Any CPU
		{A764CDA6-B5FD-4C5E-B6D0-1BDE659D6CC3}.Release|Any CPU.Build.0 = Release|Any CPU
		{A764CDA6-B5FD-4C5E-B6D0-1BDE659D6CC3}.Release|x64.ActiveCfg = Release|Any CPU
		{A764CDA6-B5FD-4C5E-B6D0-1BDE659D6CC3}.Release|x64.Build.0 = Release|Any CPU
		{A764CDA6-B5FD-4C5E-B6D0-1BDE659D6CC3}.Release|x86.ActiveCfg = Release|Any CPU
		{A764CDA6-B5FD-4C5E-B6D0-1BDE659D6CC3}.Release|x86.Build.0 = Release|Any CPU
		{E792EC8E-2D2A-45E6-A49F-C93523A34C59}.Debug|Any CPU.ActiveCfg = Debug|Any CPU
		{E792EC8E-2D2A-45E6-A49F-C93523A34C59}.Debug|Any CPU.Build.0 = Debug|Any CPU
		{E792EC8E-2D2A-45E6-A49F-C93523A34C59}.Debug|x64.ActiveCfg = Debug|Any CPU
		{E792EC8E-2D2A-45E6-A49F-C93523A34C59}.Debug|x64.Build.0 = Debug|Any CPU
		{E792EC8E-2D2A-45E6-A49F-C93523A34C59}.Debug|x86.ActiveCfg = Debug|Any CPU
		{E792EC8E-2D2A-45E6-A49F-C93523A34C59}.Debug|x86.Build.0 = Debug|Any CPU
		{E792EC8E-2D2A-45E6-A49F-C93523A34C59}.Release|Any CPU.ActiveCfg = Release|Any CPU
		{E792EC8E-2D2A-45E6-A49F-C93523A34C59}.Release|Any CPU.Build.0 = Release|Any CPU
		{E792EC8E-2D2A-45E6-A49F-C93523A34C59}.Release|x64.ActiveCfg = Release|Any CPU
		{E792EC8E-2D2A-45E6-A49F-C93523A34C59}.Release|x64.Build.0 = Release|Any CPU
		{E792EC8E-2D2A-45E6-A49F-C93523A34C59}.Release|x86.ActiveCfg = Release|Any CPU
		{E792EC8E-2D2A-45E6-A49F-C93523A34C59}.Release|x86.Build.0 = Release|Any CPU
		{CE731641-C5D1-4149-BC6D-E27F44AACC5F}.Debug|Any CPU.ActiveCfg = Debug|Any CPU
		{CE731641-C5D1-4149-BC6D-E27F44AACC5F}.Debug|Any CPU.Build.0 = Debug|Any CPU
		{CE731641-C5D1-4149-BC6D-E27F44AACC5F}.Debug|x64.ActiveCfg = Debug|Any CPU
		{CE731641-C5D1-4149-BC6D-E27F44AACC5F}.Debug|x64.Build.0 = Debug|Any CPU
		{CE731641-C5D1-4149-BC6D-E27F44AACC5F}.Debug|x86.ActiveCfg = Debug|Any CPU
		{CE731641-C5D1-4149-BC6D-E27F44AACC5F}.Debug|x86.Build.0 = Debug|Any CPU
		{CE731641-C5D1-4149-BC6D-E27F44AACC5F}.Release|Any CPU.ActiveCfg = Release|Any CPU
		{CE731641-C5D1-4149-BC6D-E27F44AACC5F}.Release|Any CPU.Build.0 = Release|Any CPU
		{CE731641-C5D1-4149-BC6D-E27F44AACC5F}.Release|x64.ActiveCfg = Release|Any CPU
		{CE731641-C5D1-4149-BC6D-E27F44AACC5F}.Release|x64.Build.0 = Release|Any CPU
		{CE731641-C5D1-4149-BC6D-E27F44AACC5F}.Release|x86.ActiveCfg = Release|Any CPU
		{CE731641-C5D1-4149-BC6D-E27F44AACC5F}.Release|x86.Build.0 = Release|Any CPU
		{EA1BC617-0BF2-4A5A-A255-FD672A1B25A6}.Debug|Any CPU.ActiveCfg = Debug|Any CPU
		{EA1BC617-0BF2-4A5A-A255-FD672A1B25A6}.Debug|Any CPU.Build.0 = Debug|Any CPU
		{EA1BC617-0BF2-4A5A-A255-FD672A1B25A6}.Debug|x64.ActiveCfg = Debug|Any CPU
		{EA1BC617-0BF2-4A5A-A255-FD672A1B25A6}.Debug|x64.Build.0 = Debug|Any CPU
		{EA1BC617-0BF2-4A5A-A255-FD672A1B25A6}.Debug|x86.ActiveCfg = Debug|Any CPU
		{EA1BC617-0BF2-4A5A-A255-FD672A1B25A6}.Debug|x86.Build.0 = Debug|Any CPU
		{EA1BC617-0BF2-4A5A-A255-FD672A1B25A6}.Release|Any CPU.ActiveCfg = Release|Any CPU
		{EA1BC617-0BF2-4A5A-A255-FD672A1B25A6}.Release|Any CPU.Build.0 = Release|Any CPU
		{EA1BC617-0BF2-4A5A-A255-FD672A1B25A6}.Release|x64.ActiveCfg = Release|Any CPU
		{EA1BC617-0BF2-4A5A-A255-FD672A1B25A6}.Release|x64.Build.0 = Release|Any CPU
		{EA1BC617-0BF2-4A5A-A255-FD672A1B25A6}.Release|x86.ActiveCfg = Release|Any CPU
		{EA1BC617-0BF2-4A5A-A255-FD672A1B25A6}.Release|x86.Build.0 = Release|Any CPU
		{926B34EF-B704-429D-BE80-D60245DB5F55}.Debug|Any CPU.ActiveCfg = Debug|Any CPU
		{926B34EF-B704-429D-BE80-D60245DB5F55}.Debug|Any CPU.Build.0 = Debug|Any CPU
		{926B34EF-B704-429D-BE80-D60245DB5F55}.Debug|x64.ActiveCfg = Debug|Any CPU
		{926B34EF-B704-429D-BE80-D60245DB5F55}.Debug|x64.Build.0 = Debug|Any CPU
		{926B34EF-B704-429D-BE80-D60245DB5F55}.Debug|x86.ActiveCfg = Debug|Any CPU
		{926B34EF-B704-429D-BE80-D60245DB5F55}.Debug|x86.Build.0 = Debug|Any CPU
		{926B34EF-B704-429D-BE80-D60245DB5F55}.Release|Any CPU.ActiveCfg = Release|Any CPU
		{926B34EF-B704-429D-BE80-D60245DB5F55}.Release|Any CPU.Build.0 = Release|Any CPU
		{926B34EF-B704-429D-BE80-D60245DB5F55}.Release|x64.ActiveCfg = Release|Any CPU
		{926B34EF-B704-429D-BE80-D60245DB5F55}.Release|x64.Build.0 = Release|Any CPU
		{926B34EF-B704-429D-BE80-D60245DB5F55}.Release|x86.ActiveCfg = Release|Any CPU
		{926B34EF-B704-429D-BE80-D60245DB5F55}.Release|x86.Build.0 = Release|Any CPU
		{D8C6331C-07F3-4D07-AE92-50EDA178F828}.Debug|Any CPU.ActiveCfg = Debug|Any CPU
		{D8C6331C-07F3-4D07-AE92-50EDA178F828}.Debug|Any CPU.Build.0 = Debug|Any CPU
		{D8C6331C-07F3-4D07-AE92-50EDA178F828}.Debug|x64.ActiveCfg = Debug|Any CPU
		{D8C6331C-07F3-4D07-AE92-50EDA178F828}.Debug|x64.Build.0 = Debug|Any CPU
		{D8C6331C-07F3-4D07-AE92-50EDA178F828}.Debug|x86.ActiveCfg = Debug|Any CPU
		{D8C6331C-07F3-4D07-AE92-50EDA178F828}.Debug|x86.Build.0 = Debug|Any CPU
		{D8C6331C-07F3-4D07-AE92-50EDA178F828}.Release|Any CPU.ActiveCfg = Release|Any CPU
		{D8C6331C-07F3-4D07-AE92-50EDA178F828}.Release|Any CPU.Build.0 = Release|Any CPU
		{D8C6331C-07F3-4D07-AE92-50EDA178F828}.Release|x64.ActiveCfg = Release|Any CPU
		{D8C6331C-07F3-4D07-AE92-50EDA178F828}.Release|x64.Build.0 = Release|Any CPU
		{D8C6331C-07F3-4D07-AE92-50EDA178F828}.Release|x86.ActiveCfg = Release|Any CPU
		{D8C6331C-07F3-4D07-AE92-50EDA178F828}.Release|x86.Build.0 = Release|Any CPU
		{66FCE58F-6FD6-4916-9F66-D09C13931AFB}.Debug|Any CPU.ActiveCfg = Debug|Any CPU
		{66FCE58F-6FD6-4916-9F66-D09C13931AFB}.Debug|Any CPU.Build.0 = Debug|Any CPU
		{66FCE58F-6FD6-4916-9F66-D09C13931AFB}.Debug|x64.ActiveCfg = Debug|Any CPU
		{66FCE58F-6FD6-4916-9F66-D09C13931AFB}.Debug|x64.Build.0 = Debug|Any CPU
		{66FCE58F-6FD6-4916-9F66-D09C13931AFB}.Debug|x86.ActiveCfg = Debug|Any CPU
		{66FCE58F-6FD6-4916-9F66-D09C13931AFB}.Debug|x86.Build.0 = Debug|Any CPU
		{66FCE58F-6FD6-4916-9F66-D09C13931AFB}.Release|Any CPU.ActiveCfg = Release|Any CPU
		{66FCE58F-6FD6-4916-9F66-D09C13931AFB}.Release|Any CPU.Build.0 = Release|Any CPU
		{66FCE58F-6FD6-4916-9F66-D09C13931AFB}.Release|x64.ActiveCfg = Release|Any CPU
		{66FCE58F-6FD6-4916-9F66-D09C13931AFB}.Release|x64.Build.0 = Release|Any CPU
		{66FCE58F-6FD6-4916-9F66-D09C13931AFB}.Release|x86.ActiveCfg = Release|Any CPU
		{66FCE58F-6FD6-4916-9F66-D09C13931AFB}.Release|x86.Build.0 = Release|Any CPU
		{8501A00B-A71C-4987-9B0C-F98925643553}.Debug|Any CPU.ActiveCfg = Debug|Any CPU
		{8501A00B-A71C-4987-9B0C-F98925643553}.Debug|Any CPU.Build.0 = Debug|Any CPU
		{8501A00B-A71C-4987-9B0C-F98925643553}.Debug|x64.ActiveCfg = Debug|Any CPU
		{8501A00B-A71C-4987-9B0C-F98925643553}.Debug|x64.Build.0 = Debug|Any CPU
		{8501A00B-A71C-4987-9B0C-F98925643553}.Debug|x86.ActiveCfg = Debug|Any CPU
		{8501A00B-A71C-4987-9B0C-F98925643553}.Debug|x86.Build.0 = Debug|Any CPU
		{8501A00B-A71C-4987-9B0C-F98925643553}.Release|Any CPU.ActiveCfg = Release|Any CPU
		{8501A00B-A71C-4987-9B0C-F98925643553}.Release|Any CPU.Build.0 = Release|Any CPU
		{8501A00B-A71C-4987-9B0C-F98925643553}.Release|x64.ActiveCfg = Release|Any CPU
		{8501A00B-A71C-4987-9B0C-F98925643553}.Release|x64.Build.0 = Release|Any CPU
		{8501A00B-A71C-4987-9B0C-F98925643553}.Release|x86.ActiveCfg = Release|Any CPU
		{8501A00B-A71C-4987-9B0C-F98925643553}.Release|x86.Build.0 = Release|Any CPU
		{9DBB19C0-EC62-48F2-914C-6A294B66FC0A}.Debug|Any CPU.ActiveCfg = Debug|Any CPU
		{9DBB19C0-EC62-48F2-914C-6A294B66FC0A}.Debug|Any CPU.Build.0 = Debug|Any CPU
		{9DBB19C0-EC62-48F2-914C-6A294B66FC0A}.Debug|x64.ActiveCfg = Debug|Any CPU
		{9DBB19C0-EC62-48F2-914C-6A294B66FC0A}.Debug|x64.Build.0 = Debug|Any CPU
		{9DBB19C0-EC62-48F2-914C-6A294B66FC0A}.Debug|x86.ActiveCfg = Debug|Any CPU
		{9DBB19C0-EC62-48F2-914C-6A294B66FC0A}.Debug|x86.Build.0 = Debug|Any CPU
		{9DBB19C0-EC62-48F2-914C-6A294B66FC0A}.Release|Any CPU.ActiveCfg = Release|Any CPU
		{9DBB19C0-EC62-48F2-914C-6A294B66FC0A}.Release|Any CPU.Build.0 = Release|Any CPU
		{9DBB19C0-EC62-48F2-914C-6A294B66FC0A}.Release|x64.ActiveCfg = Release|Any CPU
		{9DBB19C0-EC62-48F2-914C-6A294B66FC0A}.Release|x64.Build.0 = Release|Any CPU
		{9DBB19C0-EC62-48F2-914C-6A294B66FC0A}.Release|x86.ActiveCfg = Release|Any CPU
		{9DBB19C0-EC62-48F2-914C-6A294B66FC0A}.Release|x86.Build.0 = Release|Any CPU
		{4E87F122-75C8-4DEA-B22E-A4800A58FD02}.Debug|Any CPU.ActiveCfg = Debug|Any CPU
		{4E87F122-75C8-4DEA-B22E-A4800A58FD02}.Debug|Any CPU.Build.0 = Debug|Any CPU
		{4E87F122-75C8-4DEA-B22E-A4800A58FD02}.Debug|x64.ActiveCfg = Debug|Any CPU
		{4E87F122-75C8-4DEA-B22E-A4800A58FD02}.Debug|x64.Build.0 = Debug|Any CPU
		{4E87F122-75C8-4DEA-B22E-A4800A58FD02}.Debug|x86.ActiveCfg = Debug|Any CPU
		{4E87F122-75C8-4DEA-B22E-A4800A58FD02}.Debug|x86.Build.0 = Debug|Any CPU
		{4E87F122-75C8-4DEA-B22E-A4800A58FD02}.Release|Any CPU.ActiveCfg = Release|Any CPU
		{4E87F122-75C8-4DEA-B22E-A4800A58FD02}.Release|Any CPU.Build.0 = Release|Any CPU
		{4E87F122-75C8-4DEA-B22E-A4800A58FD02}.Release|x64.ActiveCfg = Release|Any CPU
		{4E87F122-75C8-4DEA-B22E-A4800A58FD02}.Release|x64.Build.0 = Release|Any CPU
		{4E87F122-75C8-4DEA-B22E-A4800A58FD02}.Release|x86.ActiveCfg = Release|Any CPU
		{4E87F122-75C8-4DEA-B22E-A4800A58FD02}.Release|x86.Build.0 = Release|Any CPU
		{A5AA2674-30A0-463D-B075-3060435DB19A}.Debug|Any CPU.ActiveCfg = Debug|Any CPU
		{A5AA2674-30A0-463D-B075-3060435DB19A}.Debug|Any CPU.Build.0 = Debug|Any CPU
		{A5AA2674-30A0-463D-B075-3060435DB19A}.Debug|x64.ActiveCfg = Debug|Any CPU
		{A5AA2674-30A0-463D-B075-3060435DB19A}.Debug|x64.Build.0 = Debug|Any CPU
		{A5AA2674-30A0-463D-B075-3060435DB19A}.Debug|x86.ActiveCfg = Debug|Any CPU
		{A5AA2674-30A0-463D-B075-3060435DB19A}.Debug|x86.Build.0 = Debug|Any CPU
		{A5AA2674-30A0-463D-B075-3060435DB19A}.Release|Any CPU.ActiveCfg = Release|Any CPU
		{A5AA2674-30A0-463D-B075-3060435DB19A}.Release|Any CPU.Build.0 = Release|Any CPU
		{A5AA2674-30A0-463D-B075-3060435DB19A}.Release|x64.ActiveCfg = Release|Any CPU
		{A5AA2674-30A0-463D-B075-3060435DB19A}.Release|x64.Build.0 = Release|Any CPU
		{A5AA2674-30A0-463D-B075-3060435DB19A}.Release|x86.ActiveCfg = Release|Any CPU
		{A5AA2674-30A0-463D-B075-3060435DB19A}.Release|x86.Build.0 = Release|Any CPU
		{5A84EB33-CAC5-4056-B6E3-58C1D75F9CF3}.Debug|Any CPU.ActiveCfg = Debug|Any CPU
		{5A84EB33-CAC5-4056-B6E3-58C1D75F9CF3}.Debug|Any CPU.Build.0 = Debug|Any CPU
		{5A84EB33-CAC5-4056-B6E3-58C1D75F9CF3}.Debug|x64.ActiveCfg = Debug|Any CPU
		{5A84EB33-CAC5-4056-B6E3-58C1D75F9CF3}.Debug|x64.Build.0 = Debug|Any CPU
		{5A84EB33-CAC5-4056-B6E3-58C1D75F9CF3}.Debug|x86.ActiveCfg = Debug|Any CPU
		{5A84EB33-CAC5-4056-B6E3-58C1D75F9CF3}.Debug|x86.Build.0 = Debug|Any CPU
		{5A84EB33-CAC5-4056-B6E3-58C1D75F9CF3}.Release|Any CPU.ActiveCfg = Release|Any CPU
		{5A84EB33-CAC5-4056-B6E3-58C1D75F9CF3}.Release|Any CPU.Build.0 = Release|Any CPU
	EndGlobalSection
	GlobalSection(SolutionProperties) = preSolution
		HideSolutionNode = FALSE
	EndGlobalSection
	GlobalSection(ExtensibilityGlobals) = postSolution
		SolutionGuid = {31B82CBD-514C-4101-8BA3-84995D8DFA87}
	EndGlobalSection
EndGlobal
